
Microsoft Visual Studio Solution File, Format Version 12.00
# Visual Studio Version 16
VisualStudioVersion = 16.0.30320.12
MinimumVisualStudioVersion = 10.0.40219.1
Project("{9A19103F-16F7-4668-BE54-9A1E7A4F7556}") = "app", "app.csproj", "{F3BCC2DF-D573-422E-BEAB-E2825F7D07E1}"
EndProject
Global
	GlobalSection(SolutionConfigurationPlatforms) = preSolution
		Debug|Any CPU = Debug|Any CPU
		Release|Any CPU = Release|Any CPU
	EndGlobalSection
	GlobalSection(ProjectConfigurationPlatforms) = postSolution
		{F3BCC2DF-D573-422E-BEAB-E2825F7D07E1}.Debug|Any CPU.ActiveCfg = Debug|Any CPU
		{F3BCC2DF-D573-422E-BEAB-E2825F7D07E1}.Debug|Any CPU.Build.0 = Debug|Any CPU
		{F3BCC2DF-D573-422E-BEAB-E2825F7D07E1}.Release|Any CPU.ActiveCfg = Release|Any CPU
		{F3BCC2DF-D573-422E-BEAB-E2825F7D07E1}.Release|Any CPU.Build.0 = Release|Any CPU
	EndGlobalSection
	GlobalSection(SolutionProperties) = preSolution
		HideSolutionNode = FALSE
	EndGlobalSection
	GlobalSection(ExtensibilityGlobals) = postSolution
		SolutionGuid = {3C862E0E-03D1-4D80-A5A5-ACBCEBC58DAC}
	EndGlobalSection
EndGlobal
